{
  "nodes": {
    "nixpkgs": {
      "locked": {
        "lastModified": 1743827369,
        "narHash": "sha256-rpqepOZ8Eo1zg+KJeWoq1HAOgoMCDloqv5r2EAa9TSA=",
        "path": "/nix/store/inbabfz8n7fxflkis0a05zcli4a1q2bp-source",
        "rev": "42a1c966be226125b48c384171c44c651c236c22",
        "type": "path"
      },
      "original": {
        "id": "nixpkgs",
        "type": "indirect"
      }
    },
    "root": {
      "inputs": {
        "nixpkgs": "nixpkgs",
        "scip": "scip",
        "zimpl": "zimpl"
      }
    },
    "scip": {
      "flake": false,
      "locked": {
        "lastModified": 1744261662,
        "narHash": "sha256-lTc/I82VsCq7oN8nEv+59z6VH3dHVF8G9fUD3ct8xyo=",
        "owner": "scipopt",
        "repo": "scip",
        "rev": "6b76df71ae91fcdf6a456ef4616f05eb32d3c881",
        "type": "github"
      },
      "original": {
        "owner": "scipopt",
        "repo": "scip",
        "type": "github"
      }
    },
    "zimpl": {
      "flake": false,
      "locked": {
        "lastModified": 1744171742,
        "narHash": "sha256-tvFIdRSTqJUE5mnCmYDbkh0wF2gLhx3ObCmMUV3sUF4=",
        "owner": "scipopt",
        "repo": "zimpl",
        "rev": "ca6b21f22ab7dbe85695fd17468d1e381faef538",
        "type": "github"
      },
      "original": {
        "owner": "scipopt",
        "repo": "zimpl",
        "type": "github"
      }
    }
  },
  "root": "root",
  "version": 7
}
